
Microsoft Visual Studio Solution File, Format Version 12.00
# Visual Studio Version 17
VisualStudioVersion = 17.4.33110.190
MinimumVisualStudioVersion = 10.0.40219.1
Project("{9A19103F-16F7-4668-BE54-9A1E7A4F7556}") = "C_Sharp_KampIntro_Exam", "C_Sharp_KampIntro_Exam\C_Sharp_KampIntro_Exam.csproj", "{BBE04053-34AC-469A-BEFF-FFC7AE39DB3D}"
EndProject
Project("{FAE04EC0-301F-11D3-BF4B-00C04F79EFBC}") = "2_Day_Exam", "2_Day_Exam\2_Day_Exam.csproj", "{3944DABF-7430-46ED-AF21-E66B93F01388}"
EndProject
Global
	GlobalSection(SolutionConfigurationPlatforms) = preSolution
		Debug|Any CPU = Debug|Any CPU
		Release|Any CPU = Release|Any CPU
	EndGlobalSection
	GlobalSection(ProjectConfigurationPlatforms) = postSolution
		{BBE04053-34AC-469A-BEFF-FFC7AE39DB3D}.Debug|Any CPU.ActiveCfg = Debug|Any CPU
		{BBE04053-34AC-469A-BEFF-FFC7AE39DB3D}.Debug|Any CPU.Build.0 = Debug|Any CPU
		{BBE04053-34AC-469A-BEFF-FFC7AE39DB3D}.Release|Any CPU.ActiveCfg = Release|Any CPU
		{BBE04053-34AC-469A-BEFF-FFC7AE39DB3D}.Release|Any CPU.Build.0 = Release|Any CPU
		{3944DABF-7430-46ED-AF21-E66B93F01388}.Debug|Any CPU.ActiveCfg = Debug|Any CPU
		{3944DABF-7430-46ED-AF21-E66B93F01388}.Debug|Any CPU.Build.0 = Debug|Any CPU
		{3944DABF-7430-46ED-AF21-E66B93F01388}.Release|Any CPU.ActiveCfg = Release|Any CPU
		{3944DABF-7430-46ED-AF21-E66B93F01388}.Release|Any CPU.Build.0 = Release|Any CPU
	EndGlobalSection
	GlobalSection(SolutionProperties) = preSolution
		HideSolutionNode = FALSE
	EndGlobalSection
	GlobalSection(ExtensibilityGlobals) = postSolution
		SolutionGuid = {5E4E5CB1-5A87-431F-8BE6-3C1975471C3A}
	EndGlobalSection
EndGlobal
